
Microsoft Visual Studio Solution File, Format Version 12.00
# Visual Studio Version 17
VisualStudioVersion = 17.11.35005.142
MinimumVisualStudioVersion = 10.0.40219.1
Project("{FAE04EC0-301F-11D3-BF4B-00C04F79EFBC}") = "SmartClassComment", "SmartClassComment.csproj", "{80114F36-CE9C-4666-AEEE-2A901A7388FD}"
EndProject
Global
	GlobalSection(SolutionConfigurationPlatforms) = preSolution
		Debug|Any CPU = Debug|Any CPU
		Release|Any CPU = Release|Any CPU
	EndGlobalSection
	GlobalSection(ProjectConfigurationPlatforms) = postSolution
		{80114F36-CE9C-4666-AEEE-2A901A7388FD}.Debug|Any CPU.ActiveCfg = Debug|Any CPU
		{80114F36-CE9C-4666-AEEE-2A901A7388FD}.Debug|Any CPU.Build.0 = Debug|Any CPU
		{80114F36-CE9C-4666-AEEE-2A901A7388FD}.Release|Any CPU.ActiveCfg = Release|Any CPU
		{80114F36-CE9C-4666-AEEE-2A901A7388FD}.Release|Any CPU.Build.0 = Release|Any CPU
	EndGlobalSection
	GlobalSection(SolutionProperties) = preSolution
		HideSolutionNode = FALSE
	EndGlobalSection
	GlobalSection(ExtensibilityGlobals) = postSolution
		SolutionGuid = {8FCE72DA-4E73-4500-92EF-AECEDAF83B3D}
	EndGlobalSection
EndGlobal
